// !$*UTF8*$!
{
	archiveVersion = 1;
	classes = {
	};
	objectVersion = 46;
	objects = {

/* Begin PBXBuildFile section */
		0B0DAADBB24CA70749B8F67A /* Pods_TextFieldDemo.framework in Frameworks */ = {isa = PBXBuildFile; fileRef = 23A0F07422566C5B2B5075AC /* Pods_TextFieldDemo.framework */; };
		1D55762B1D9CE15200607084 /* AppDelegate.swift in Sources */ = {isa = PBXBuildFile; fileRef = 1D55762A1D9CE15200607084 /* AppDelegate.swift */; };
		1D55762D1D9CE15200607084 /* ViewController.swift in Sources */ = {isa = PBXBuildFile; fileRef = 1D55762C1D9CE15200607084 /* ViewController.swift */; };
		1D5576301D9CE15200607084 /* Main.storyboard in Resources */ = {isa = PBXBuildFile; fileRef = 1D55762E1D9CE15200607084 /* Main.storyboard */; };
		1D5576321D9CE15200607084 /* Assets.xcassets in Resources */ = {isa = PBXBuildFile; fileRef = 1D5576311D9CE15200607084 /* Assets.xcassets */; };
		1D5576351D9CE15200607084 /* LaunchScreen.storyboard in Resources */ = {isa = PBXBuildFile; fileRef = 1D5576331D9CE15200607084 /* LaunchScreen.storyboard */; };
		1D55763D1D9CE3C600607084 /* Podfile in Resources */ = {isa = PBXBuildFile; fileRef = 1D55763C1D9CE3C600607084 /* Podfile */; };
/* End PBXBuildFile section */

/* Begin PBXFileReference section */
		1D5576271D9CE15200607084 /* TextFieldDemo.app */ = {isa = PBXFileReference; explicitFileType = wrapper.application; includeInIndex = 0; path = TextFieldDemo.app; sourceTree = BUILT_PRODUCTS_DIR; };
		1D55762A1D9CE15200607084 /* AppDelegate.swift */ = {isa = PBXFileReference; lastKnownFileType = sourcecode.swift; path = AppDelegate.swift; sourceTree = "<group>"; };
		1D55762C1D9CE15200607084 /* ViewController.swift */ = {isa = PBXFileReference; lastKnownFileType = sourcecode.swift; path = ViewController.swift; sourceTree = "<group>"; };
		1D55762F1D9CE15200607084 /* Base */ = {isa = PBXFileReference; lastKnownFileType = file.storyboard; name = Base; path = Base.lproj/Main.storyboard; sourceTree = "<group>"; };
		1D5576311D9CE15200607084 /* Assets.xcassets */ = {isa = PBXFileReference; lastKnownFileType = folder.assetcatalog; path = Assets.xcassets; sourceTree = "<group>"; };
		1D5576341D9CE15200607084 /* Base */ = {isa = PBXFileReference; lastKnownFileType = file.storyboard; name = Base; path = Base.lproj/LaunchScreen.storyboard; sourceTree = "<group>"; };
		1D5576361D9CE15200607084 /* Info.plist */ = {isa = PBXFileReference; lastKnownFileType = text.plist.xml; path = Info.plist; sourceTree = "<group>"; };
		1D55763C1D9CE3C600607084 /* Podfile */ = {isa = PBXFileReference; fileEncoding = 4; lastKnownFileType = text; path = Podfile; sourceTree = "<group>"; };
		23A0F07422566C5B2B5075AC /* Pods_TextFieldDemo.framework */ = {isa = PBXFileReference; explicitFileType = wrapper.framework; includeInIndex = 0; path = Pods_TextFieldDemo.framework; sourceTree = BUILT_PRODUCTS_DIR; };
		4CBD02FC3712BD33ED7EFC7A /* Pods-TextFieldDemo.debug.xcconfig */ = {isa = PBXFileReference; includeInIndex = 1; lastKnownFileType = text.xcconfig; name = "Pods-TextFieldDemo.debug.xcconfig"; path = "Pods/Target Support Files/Pods-TextFieldDemo/Pods-TextFieldDemo.debug.xcconfig"; sourceTree = "<group>"; };
		7017613EF469D8F15ACCDA39 /* Pods-TextFieldDemo.release.xcconfig */ = {isa = PBXFileReference; includeInIndex = 1; lastKnownFileType = text.xcconfig; name = "Pods-TextFieldDemo.release.xcconfig"; path = "Pods/Target Support Files/Pods-TextFieldDemo/Pods-TextFieldDemo.release.xcconfig"; sourceTree = "<group>"; };
/* End PBXFileReference section */

/* Begin PBXFrameworksBuildPhase section */
		1D5576241D9CE15200607084 /* Frameworks */ = {
			isa = PBXFrameworksBuildPhase;
			buildActionMask = 2147483647;
			files = (
				0B0DAADBB24CA70749B8F67A /* Pods_TextFieldDemo.framework in Frameworks */,
			);
			runOnlyForDeploymentPostprocessing = 0;
		};
/* End PBXFrameworksBuildPhase section */

/* Begin PBXGroup section */
		14E26BBD581CE37F7624808A /* Frameworks */ = {
			isa = PBXGroup;
			children = (
				23A0F07422566C5B2B5075AC /* Pods_TextFieldDemo.framework */,
			);
			name = Frameworks;
			sourceTree = "<group>";
		};
		1D55761E1D9CE15200607084 = {
			isa = PBXGroup;
			children = (
				1D55763C1D9CE3C600607084 /* Podfile */,
				1D5576291D9CE15200607084 /* TextFieldDemo */,
				1D5576281D9CE15200607084 /* Products */,
				868FDA55AF7FD80EF48E84FE /* Pods */,
				14E26BBD581CE37F7624808A /* Frameworks */,
			);
			sourceTree = "<group>";
		};
		1D5576281D9CE15200607084 /* Products */ = {
			isa = PBXGroup;
			children = (
				1D5576271D9CE15200607084 /* TextFieldDemo.app */,
			);
			name = Products;
			sourceTree = "<group>";
		};
		1D5576291D9CE15200607084 /* TextFieldDemo */ = {
			isa = PBXGroup;
			children = (
				1D55762A1D9CE15200607084 /* AppDelegate.swift */,
				1D55762C1D9CE15200607084 /* ViewController.swift */,
				1D55762E1D9CE15200607084 /* Main.storyboard */,
				1D5576311D9CE15200607084 /* Assets.xcassets */,
				1D5576331D9CE15200607084 /* LaunchScreen.storyboard */,
				1D5576361D9CE15200607084 /* Info.plist */,
			);
			path = TextFieldDemo;
			sourceTree = "<group>";
		};
		868FDA55AF7FD80EF48E84FE /* Pods */ = {
			isa = PBXGroup;
			children = (
				4CBD02FC3712BD33ED7EFC7A /* Pods-TextFieldDemo.debug.xcconfig */,
				7017613EF469D8F15ACCDA39 /* Pods-TextFieldDemo.release.xcconfig */,
			);
			name = Pods;
			sourceTree = "<group>";
		};
/* End PBXGroup section */

/* Begin PBXNativeTarget section */
		1D5576261D9CE15200607084 /* TextFieldDemo */ = {
			isa = PBXNativeTarget;
			buildConfigurationList = 1D5576391D9CE15200607084 /* Build configuration list for PBXNativeTarget "TextFieldDemo" */;
			buildPhases = (
				06F0170B1779B63D7AE58220 /* 📦 Check Pods Manifest.lock */,
				1D5576231D9CE15200607084 /* Sources */,
				1D5576241D9CE15200607084 /* Frameworks */,
				1D5576251D9CE15200607084 /* Resources */,
				F4F7BAB9889F2CE783F85043 /* 📦 Embed Pods Frameworks */,
				94617D02F2EBC2FE188BEE3B /* 📦 Copy Pods Resources */,
			);
			buildRules = (
			);
			dependencies = (
			);
			name = TextFieldDemo;
			productName = TextFieldDemo;
			productReference = 1D5576271D9CE15200607084 /* TextFieldDemo.app */;
			productType = "com.apple.product-type.application";
		};
/* End PBXNativeTarget section */

/* Begin PBXProject section */
		1D55761F1D9CE15200607084 /* Project object */ = {
			isa = PBXProject;
			attributes = {
				LastSwiftUpdateCheck = 0800;
				LastUpgradeCheck = 0800;
				ORGANIZATIONNAME = "Christian Klaproth";
				TargetAttributes = {
					1D5576261D9CE15200607084 = {
						CreatedOnToolsVersion = 8.0;
						ProvisioningStyle = Automatic;
					};
				};
			};
			buildConfigurationList = 1D5576221D9CE15200607084 /* Build configuration list for PBXProject "TextFieldDemo" */;
			compatibilityVersion = "Xcode 3.2";
			developmentRegion = English;
			hasScannedForEncodings = 0;
			knownRegions = (
				en,
				Base,
			);
			mainGroup = 1D55761E1D9CE15200607084;
			productRefGroup = 1D5576281D9CE15200607084 /* Products */;
			projectDirPath = "";
			projectRoot = "";
			targets = (
				1D5576261D9CE15200607084 /* TextFieldDemo */,
			);
		};
/* End PBXProject section */

/* Begin PBXResourcesBuildPhase section */
		1D5576251D9CE15200607084 /* Resources */ = {
			isa = PBXResourcesBuildPhase;
			buildActionMask = 2147483647;
			files = (
				1D5576351D9CE15200607084 /* LaunchScreen.storyboard in Resources */,
				1D5576321D9CE15200607084 /* Assets.xcassets in Resources */,
				1D55763D1D9CE3C600607084 /* Podfile in Resources */,
				1D5576301D9CE15200607084 /* Main.storyboard in Resources */,
			);
			runOnlyForDeploymentPostprocessing = 0;
		};
/* End PBXResourcesBuildPhase section */

/* Begin PBXShellScriptBuildPhase section */
		06F0170B1779B63D7AE58220 /* 📦 Check Pods Manifest.lock */ = {
			isa = PBXShellScriptBuildPhase;
			buildActionMask = 2147483647;
			files = (
			);
			inputPaths = (
			);
			name = "📦 Check Pods Manifest.lock";
			outputPaths = (
			);
			runOnlyForDeploymentPostprocessing = 0;
			shellPath = /bin/sh;
			shellScript = "diff \"${PODS_ROOT}/../Podfile.lock\" \"${PODS_ROOT}/Manifest.lock\" > /dev/null\nif [[ $? != 0 ]] ; then\n    cat << EOM\nerror: The sandbox is not in sync with the Podfile.lock. Run 'pod install' or update your CocoaPods installation.\nEOM\n    exit 1\nfi\n";
			showEnvVarsInLog = 0;
		};
		94617D02F2EBC2FE188BEE3B /* 📦 Copy Pods Resources */ = {
			isa = PBXShellScriptBuildPhase;
			buildActionMask = 2147483647;
			files = (
			);
			inputPaths = (
			);
			name = "📦 Copy Pods Resources";
			outputPaths = (
			);
			runOnlyForDeploymentPostprocessing = 0;
			shellPath = /bin/sh;
			shellScript = "\"${SRCROOT}/Pods/Target Support Files/Pods-TextFieldDemo/Pods-TextFieldDemo-resources.sh\"\n";
			showEnvVarsInLog = 0;
		};
		F4F7BAB9889F2CE783F85043 /* 📦 Embed Pods Frameworks */ = {
			isa = PBXShellScriptBuildPhase;
			buildActionMask = 2147483647;
			files = (
			);
			inputPaths = (
			);
			name = "📦 Embed Pods Frameworks";
			outputPaths = (
			);
			runOnlyForDeploymentPostprocessing = 0;
			shellPath = /bin/sh;
			shellScript = "\"${SRCROOT}/Pods/Target Support Files/Pods-TextFieldDemo/Pods-TextFieldDemo-frameworks.sh\"\n";
			showEnvVarsInLog = 0;
		};
/* End PBXShellScriptBuildPhase section */

/* Begin PBXSourcesBuildPhase section */
		1D5576231D9CE15200607084 /* Sources */ = {
			isa = PBXSourcesBuildPhase;
			buildActionMask = 2147483647;
			files = (
				1D55762D1D9CE15200607084 /* ViewController.swift in Sources */,
				1D55762B1D9CE15200607084 /* AppDelegate.swift in Sources */,
			);
			runOnlyForDeploymentPostprocessing = 0;
		};
/* End PBXSourcesBuildPhase section */

/* Begin PBXVariantGroup section */
		1D55762E1D9CE15200607084 /* Main.storyboard */ = {
			isa = PBXVariantGroup;
			children = (
				1D55762F1D9CE15200607084 /* Base */,
			);
			name = Main.storyboard;
			sourceTree = "<group>";
		};
		1D5576331D9CE15200607084 /* LaunchScreen.storyboard */ = {
			isa = PBXVariantGroup;
			children = (
				1D5576341D9CE15200607084 /* Base */,
			);
			name = LaunchScreen.storyboard;
			sourceTree = "<group>";
		};
/* End PBXVariantGroup section */

/* Begin XCBuildConfiguration section */
		1D5576371D9CE15200607084 /* Debug */ = {
			isa = XCBuildConfiguration;
			buildSettings = {
				ALWAYS_SEARCH_USER_PATHS = NO;
				CLANG_ANALYZER_NONNULL = YES;
				CLANG_CXX_LANGUAGE_STANDARD = "gnu++0x";
				CLANG_CXX_LIBRARY = "libc++";
				CLANG_ENABLE_MODULES = YES;
				CLANG_ENABLE_OBJC_ARC = YES;
				CLANG_WARN_BOOL_CONVERSION = YES;
				CLANG_WARN_CONSTANT_CONVERSION = YES;
				CLANG_WARN_DIRECT_OBJC_ISA_USAGE = YES_ERROR;
				CLANG_WARN_DOCUMENTATION_COMMENTS = YES;
				CLANG_WARN_EMPTY_BODY = YES;
				CLANG_WARN_ENUM_CONVERSION = YES;
				CLANG_WARN_INFINITE_RECURSION = YES;
				CLANG_WARN_INT_CONVERSION = YES;
				CLANG_WARN_OBJC_ROOT_CLASS = YES_ERROR;
				CLANG_WARN_SUSPICIOUS_MOVES = YES;
				CLANG_WARN_UNREACHABLE_CODE = YES;
				CLANG_WARN__DUPLICATE_METHOD_MATCH = YES;
				"CODE_SIGN_IDENTITY[sdk=iphoneos*]" = "iPhone Developer";
				COPY_PHASE_STRIP = NO;
				DEBUG_INFORMATION_FORMAT = dwarf;
				ENABLE_STRICT_OBJC_MSGSEND = YES;
				ENABLE_TESTABILITY = YES;
				GCC_C_LANGUAGE_STANDARD = gnu99;
				GCC_DYNAMIC_NO_PIC = NO;
				GCC_NO_COMMON_BLOCKS = YES;
				GCC_OPTIMIZATION_LEVEL = 0;
				GCC_PREPROCESSOR_DEFINITIONS = (
					"DEBUG=1",
					"$(inherited)",
				);
				GCC_WARN_64_TO_32_BIT_CONVERSION = YES;
				GCC_WARN_ABOUT_RETURN_TYPE = YES_ERROR;
				GCC_WARN_UNDECLARED_SELECTOR = YES;
				GCC_WARN_UNINITIALIZED_AUTOS = YES_AGGRESSIVE;
				GCC_WARN_UNUSED_FUNCTION = YES;
				GCC_WARN_UNUSED_VARIABLE = YES;
				IPHONEOS_DEPLOYMENT_TARGET = 10.0;
				MTL_ENABLE_DEBUG_INFO = YES;
				ONLY_ACTIVE_ARCH = YES;
				SDKROOT = iphoneos;
				SWIFT_ACTIVE_COMPILATION_CONDITIONS = DEBUG;
				SWIFT_OPTIMIZATION_LEVEL = "-Onone";
			};
			name = Debug;
		};
		1D5576381D9CE15200607084 /* Release */ = {
			isa = XCBuildConfiguration;
			buildSettings = {
				ALWAYS_SEARCH_USER_PATHS = NO;
				CLANG_ANALYZER_NONNULL = YES;
				CLANG_CXX_LANGUAGE_STANDARD = "gnu++0x";
				CLANG_CXX_LIBRARY = "libc++";
				CLANG_ENABLE_MODULES = YES;
				CLANG_ENABLE_OBJC_ARC = YES;
				CLANG_WARN_BOOL_CONVERSION = YES;
				CLANG_WARN_CONSTANT_CONVERSION = YES;
				CLANG_WARN_DIRECT_OBJC_ISA_USAGE = YES_ERROR;
				CLANG_WARN_DOCUMENTATION_COMMENTS = YES;
				CLANG_WARN_EMPTY_BODY = YES;
				CLANG_WARN_ENUM_CONVERSION = YES;
				CLANG_WARN_INFINITE_RECURSION = YES;
				CLANG_WARN_INT_CONVERSION = YES;
				CLANG_WARN_OBJC_ROOT_CLASS = YES_ERROR;
				CLANG_WARN_SUSPICIOUS_MOVES = YES;
				CLANG_WARN_UNREACHABLE_CODE = YES;
				CLANG_WARN__DUPLICATE_METHOD_MATCH = YES;
				"CODE_SIGN_IDENTITY[sdk=iphoneos*]" = "iPhone Developer";
				COPY_PHASE_STRIP = NO;
				DEBUG_INFORMATION_FORMAT = "dwarf-with-dsym";
				ENABLE_NS_ASSERTIONS = NO;
				ENABLE_STRICT_OBJC_MSGSEND = YES;
				GCC_C_LANGUAGE_STANDARD = gnu99;
				GCC_NO_COMMON_BLOCKS = YES;
				GCC_WARN_64_TO_32_BIT_CONVERSION = YES;
				GCC_WARN_ABOUT_RETURN_TYPE = YES_ERROR;
				GCC_WARN_UNDECLARED_SELECTOR = YES;
				GCC_WARN_UNINITIALIZED_AUTOS = YES_AGGRESSIVE;
				GCC_WARN_UNUSED_FUNCTION = YES;
				GCC_WARN_UNUSED_VARIABLE = YES;
				IPHONEOS_DEPLOYMENT_TARGET = 10.0;
				MTL_ENABLE_DEBUG_INFO = NO;
				SDKROOT = iphoneos;
				SWIFT_OPTIMIZATION_LEVEL = "-Owholemodule";
				VALIDATE_PRODUCT = YES;
			};
			name = Release;
		};
		1D55763A1D9CE15200607084 /* Debug */ = {
			isa = XCBuildConfiguration;
			baseConfigurationReference = 4CBD02FC3712BD33ED7EFC7A /* Pods-TextFieldDemo.debug.xcconfig */;
			buildSettings = {
				ASSETCATALOG_COMPILER_APPICON_NAME = AppIcon;
				INFOPLIST_FILE = TextFieldDemo/Info.plist;
				LD_RUNPATH_SEARCH_PATHS = "$(inherited) @executable_path/Frameworks";
				PRODUCT_BUNDLE_IDENTIFIER = "de.cm-works.ios.TextFieldDemo";
				PRODUCT_NAME = "$(TARGET_NAME)";
				SWIFT_VERSION = 3.0;
			};
			name = Debug;
		};
		1D55763B1D9CE15200607084 /* Release */ = {
			isa = XCBuildConfiguration;
			baseConfigurationReference = 7017613EF469D8F15ACCDA39 /* Pods-TextFieldDemo.release.xcconfig */;
			buildSettings = {
				ASSETCATALOG_COMPILER_APPICON_NAME = AppIcon;
				INFOPLIST_FILE = TextFieldDemo/Info.plist;
				LD_RUNPATH_SEARCH_PATHS = "$(inherited) @executable_path/Frameworks";
				PRODUCT_BUNDLE_IDENTIFIER = "de.cm-works.ios.TextFieldDemo";
				PRODUCT_NAME = "$(TARGET_NAME)";
				SWIFT_VERSION = 3.0;
			};
			name = Release;
		};
/* End XCBuildConfiguration section */

/* Begin XCConfigurationList section */
		1D5576221D9CE15200607084 /* Build configuration list for PBXProject "TextFieldDemo" */ = {
			isa = XCConfigurationList;
			buildConfigurations = (
				1D5576371D9CE15200607084 /* Debug */,
				1D5576381D9CE15200607084 /* Release */,
			);
			defaultConfigurationIsVisible = 0;
			defaultConfigurationName = Release;
		};
		1D5576391D9CE15200607084 /* Build configuration list for PBXNativeTarget "TextFieldDemo" */ = {
			isa = XCConfigurationList;
			buildConfigurations = (
				1D55763A1D9CE15200607084 /* Debug */,
				1D55763B1D9CE15200607084 /* Release */,
			);
			defaultConfigurationIsVisible = 0;
			defaultConfigurationName = Release;
		};
/* End XCConfigurationList section */
	};
	rootObject = 1D55761F1D9CE15200607084 /* Project object */;
}
