// !$*UTF8*$!
{
	archiveVersion = 1;
	classes = {
	};
	objectVersion = 46;
	objects = {

/* Begin PBXBuildFile section */
		119837E51EFBEAA089F7E4E6 /* libPods.a in Frameworks */ = {isa = PBXBuildFile; fileRef = 21B1B92D011B00B8D829F4E5 /* libPods.a */; };
		D9CFC38C1CA560210066443B /* AppDelegate.swift in Sources */ = {isa = PBXBuildFile; fileRef = D9CFC38B1CA560210066443B /* AppDelegate.swift */; };
		D9CFC38E1CA560210066443B /* ViewController.swift in Sources */ = {isa = PBXBuildFile; fileRef = D9CFC38D1CA560210066443B /* ViewController.swift */; };
		D9CFC3911CA560210066443B /* Main.storyboard in Resources */ = {isa = PBXBuildFile; fileRef = D9CFC38F1CA560210066443B /* Main.storyboard */; };
		D9CFC3931CA560210066443B /* Assets.xcassets in Resources */ = {isa = PBXBuildFile; fileRef = D9CFC3921CA560210066443B /* Assets.xcassets */; };
		D9CFC3961CA560210066443B /* LaunchScreen.storyboard in Resources */ = {isa = PBXBuildFile; fileRef = D9CFC3941CA560210066443B /* LaunchScreen.storyboard */; };
/* End PBXBuildFile section */

/* Begin PBXFileReference section */
		21B1B92D011B00B8D829F4E5 /* libPods.a */ = {isa = PBXFileReference; explicitFileType = archive.ar; includeInIndex = 0; path = libPods.a; sourceTree = BUILT_PRODUCTS_DIR; };
		8DC3BDCFC87EF20B57F9580D /* Pods.debug.xcconfig */ = {isa = PBXFileReference; includeInIndex = 1; lastKnownFileType = text.xcconfig; name = Pods.debug.xcconfig; path = "Pods/Target Support Files/Pods/Pods.debug.xcconfig"; sourceTree = "<group>"; };
		96D64FD19DDC2C61A20B2019 /* Pods.release.xcconfig */ = {isa = PBXFileReference; includeInIndex = 1; lastKnownFileType = text.xcconfig; name = Pods.release.xcconfig; path = "Pods/Target Support Files/Pods/Pods.release.xcconfig"; sourceTree = "<group>"; };
		D9CFC3881CA560210066443B /* TextFieldSwiftDemo.app */ = {isa = PBXFileReference; explicitFileType = wrapper.application; includeInIndex = 0; path = TextFieldSwiftDemo.app; sourceTree = BUILT_PRODUCTS_DIR; };
		D9CFC38B1CA560210066443B /* AppDelegate.swift */ = {isa = PBXFileReference; lastKnownFileType = sourcecode.swift; path = AppDelegate.swift; sourceTree = "<group>"; };
		D9CFC38D1CA560210066443B /* ViewController.swift */ = {isa = PBXFileReference; lastKnownFileType = sourcecode.swift; path = ViewController.swift; sourceTree = "<group>"; };
		D9CFC3901CA560210066443B /* Base */ = {isa = PBXFileReference; lastKnownFileType = file.storyboard; name = Base; path = Base.lproj/Main.storyboard; sourceTree = "<group>"; };
		D9CFC3921CA560210066443B /* Assets.xcassets */ = {isa = PBXFileReference; lastKnownFileType = folder.assetcatalog; path = Assets.xcassets; sourceTree = "<group>"; };
		D9CFC3951CA560210066443B /* Base */ = {isa = PBXFileReference; lastKnownFileType = file.storyboard; name = Base; path = Base.lproj/LaunchScreen.storyboard; sourceTree = "<group>"; };
		D9CFC3971CA560210066443B /* Info.plist */ = {isa = PBXFileReference; lastKnownFileType = text.plist.xml; path = Info.plist; sourceTree = "<group>"; };
		D9EDB0E71CA842E40005D430 /* libCKTextField.a */ = {isa = PBXFileReference; lastKnownFileType = archive.ar; name = libCKTextField.a; path = "../../../../Library/Developer/Xcode/DerivedData/TextFieldSwiftDemo-gfzflcwbgvzjwocmfpfztpfcmmza/Build/Products/Debug-iphonesimulator/libCKTextField.a"; sourceTree = "<group>"; };
		D9EDB0E91CA843460005D430 /* TextFieldSwiftDemo-Bridging-Header.h */ = {isa = PBXFileReference; lastKnownFileType = sourcecode.c.h; path = "TextFieldSwiftDemo-Bridging-Header.h"; sourceTree = "<group>"; };
/* End PBXFileReference section */

/* Begin PBXFrameworksBuildPhase section */
		D9CFC3851CA560210066443B /* Frameworks */ = {
			isa = PBXFrameworksBuildPhase;
			buildActionMask = 2147483647;
			files = (
				119837E51EFBEAA089F7E4E6 /* libPods.a in Frameworks */,
			);
			runOnlyForDeploymentPostprocessing = 0;
		};
/* End PBXFrameworksBuildPhase section */

/* Begin PBXGroup section */
		12459E605D6DBE8F4FAA0BBE /* Pods */ = {
			isa = PBXGroup;
			children = (
				8DC3BDCFC87EF20B57F9580D /* Pods.debug.xcconfig */,
				96D64FD19DDC2C61A20B2019 /* Pods.release.xcconfig */,
			);
			name = Pods;
			sourceTree = "<group>";
		};
		C234468F6E2786FBC7E62F3B /* Frameworks */ = {
			isa = PBXGroup;
			children = (
				D9EDB0E71CA842E40005D430 /* libCKTextField.a */,
				21B1B92D011B00B8D829F4E5 /* libPods.a */,
			);
			name = Frameworks;
			sourceTree = "<group>";
		};
		D9CFC37F1CA560210066443B = {
			isa = PBXGroup;
			children = (
				D9CFC38A1CA560210066443B /* TextFieldSwiftDemo */,
				D9CFC3891CA560210066443B /* Products */,
				12459E605D6DBE8F4FAA0BBE /* Pods */,
				C234468F6E2786FBC7E62F3B /* Frameworks */,
			);
			sourceTree = "<group>";
		};
		D9CFC3891CA560210066443B /* Products */ = {
			isa = PBXGroup;
			children = (
				D9CFC3881CA560210066443B /* TextFieldSwiftDemo.app */,
			);
			name = Products;
			sourceTree = "<group>";
		};
		D9CFC38A1CA560210066443B /* TextFieldSwiftDemo */ = {
			isa = PBXGroup;
			children = (
				D9CFC38B1CA560210066443B /* AppDelegate.swift */,
				D9CFC38D1CA560210066443B /* ViewController.swift */,
				D9CFC38F1CA560210066443B /* Main.storyboard */,
				D9CFC3921CA560210066443B /* Assets.xcassets */,
				D9CFC3941CA560210066443B /* LaunchScreen.storyboard */,
				D9CFC3971CA560210066443B /* Info.plist */,
				D9EDB0E91CA843460005D430 /* TextFieldSwiftDemo-Bridging-Header.h */,
			);
			path = TextFieldSwiftDemo;
			sourceTree = "<group>";
		};
/* End PBXGroup section */

/* Begin PBXNativeTarget section */
		D9CFC3871CA560210066443B /* TextFieldSwiftDemo */ = {
			isa = PBXNativeTarget;
			buildConfigurationList = D9CFC39A1CA560210066443B /* Build configuration list for PBXNativeTarget "TextFieldSwiftDemo" */;
			buildPhases = (
				3A274661E31728C6CBCFC146 /* Check Pods Manifest.lock */,
				D9CFC3841CA560210066443B /* Sources */,
				D9CFC3851CA560210066443B /* Frameworks */,
				D9CFC3861CA560210066443B /* Resources */,
				7723C1684DDA3DD7F1BD2368 /* Embed Pods Frameworks */,
				026A72D35D9BC089BB0602BE /* Copy Pods Resources */,
			);
			buildRules = (
			);
			dependencies = (
			);
			name = TextFieldSwiftDemo;
			productName = TextFieldSwiftDemo;
			productReference = D9CFC3881CA560210066443B /* TextFieldSwiftDemo.app */;
			productType = "com.apple.product-type.application";
		};
/* End PBXNativeTarget section */

/* Begin PBXProject section */
		D9CFC3801CA560210066443B /* Project object */ = {
			isa = PBXProject;
			attributes = {
				LastSwiftUpdateCheck = 0730;
				LastUpgradeCheck = 0730;
				ORGANIZATIONNAME = "Rainer Drexler";
				TargetAttributes = {
					D9CFC3871CA560210066443B = {
						CreatedOnToolsVersion = 7.3;
					};
				};
			};
			buildConfigurationList = D9CFC3831CA560210066443B /* Build configuration list for PBXProject "TextFieldSwiftDemo" */;
			compatibilityVersion = "Xcode 3.2";
			developmentRegion = English;
			hasScannedForEncodings = 0;
			knownRegions = (
				en,
				Base,
			);
			mainGroup = D9CFC37F1CA560210066443B;
			productRefGroup = D9CFC3891CA560210066443B /* Products */;
			projectDirPath = "";
			projectRoot = "";
			targets = (
				D9CFC3871CA560210066443B /* TextFieldSwiftDemo */,
			);
		};
/* End PBXProject section */

/* Begin PBXResourcesBuildPhase section */
		D9CFC3861CA560210066443B /* Resources */ = {
			isa = PBXResourcesBuildPhase;
			buildActionMask = 2147483647;
			files = (
				D9CFC3961CA560210066443B /* LaunchScreen.storyboard in Resources */,
				D9CFC3931CA560210066443B /* Assets.xcassets in Resources */,
				D9CFC3911CA560210066443B /* Main.storyboard in Resources */,
			);
			runOnlyForDeploymentPostprocessing = 0;
		};
/* End PBXResourcesBuildPhase section */

/* Begin PBXShellScriptBuildPhase section */
		026A72D35D9BC089BB0602BE /* Copy Pods Resources */ = {
			isa = PBXShellScriptBuildPhase;
			buildActionMask = 2147483647;
			files = (
			);
			inputPaths = (
			);
			name = "Copy Pods Resources";
			outputPaths = (
			);
			runOnlyForDeploymentPostprocessing = 0;
			shellPath = /bin/sh;
			shellScript = "\"${SRCROOT}/Pods/Target Support Files/Pods/Pods-resources.sh\"\n";
			showEnvVarsInLog = 0;
		};
		3A274661E31728C6CBCFC146 /* Check Pods Manifest.lock */ = {
			isa = PBXShellScriptBuildPhase;
			buildActionMask = 2147483647;
			files = (
			);
			inputPaths = (
			);
			name = "Check Pods Manifest.lock";
			outputPaths = (
			);
			runOnlyForDeploymentPostprocessing = 0;
			shellPath = /bin/sh;
			shellScript = "diff \"${PODS_ROOT}/../Podfile.lock\" \"${PODS_ROOT}/Manifest.lock\" > /dev/null\nif [[ $? != 0 ]] ; then\n    cat << EOM\nerror: The sandbox is not in sync with the Podfile.lock. Run 'pod install' or update your CocoaPods installation.\nEOM\n    exit 1\nfi\n";
			showEnvVarsInLog = 0;
		};
		7723C1684DDA3DD7F1BD2368 /* Embed Pods Frameworks */ = {
			isa = PBXShellScriptBuildPhase;
			buildActionMask = 2147483647;
			files = (
			);
			inputPaths = (
			);
			name = "Embed Pods Frameworks";
			outputPaths = (
			);
			runOnlyForDeploymentPostprocessing = 0;
			shellPath = /bin/sh;
			shellScript = "\"${SRCROOT}/Pods/Target Support Files/Pods/Pods-frameworks.sh\"\n";
			showEnvVarsInLog = 0;
		};
/* End PBXShellScriptBuildPhase section */

/* Begin PBXSourcesBuildPhase section */
		D9CFC3841CA560210066443B /* Sources */ = {
			isa = PBXSourcesBuildPhase;
			buildActionMask = 2147483647;
			files = (
				D9CFC38E1CA560210066443B /* ViewController.swift in Sources */,
				D9CFC38C1CA560210066443B /* AppDelegate.swift in Sources */,
			);
			runOnlyForDeploymentPostprocessing = 0;
		};
/* End PBXSourcesBuildPhase section */

/* Begin PBXVariantGroup section */
		D9CFC38F1CA560210066443B /* Main.storyboard */ = {
			isa = PBXVariantGroup;
			children = (
				D9CFC3901CA560210066443B /* Base */,
			);
			name = Main.storyboard;
			sourceTree = "<group>";
		};
		D9CFC3941CA560210066443B /* LaunchScreen.storyboard */ = {
			isa = PBXVariantGroup;
			children = (
				D9CFC3951CA560210066443B /* Base */,
			);
			name = LaunchScreen.storyboard;
			sourceTree = "<group>";
		};
/* End PBXVariantGroup section */

/* Begin XCBuildConfiguration section */
		D9CFC3981CA560210066443B /* Debug */ = {
			isa = XCBuildConfiguration;
			buildSettings = {
				ALWAYS_SEARCH_USER_PATHS = NO;
				CLANG_ANALYZER_NONNULL = YES;
				CLANG_CXX_LANGUAGE_STANDARD = "gnu++0x";
				CLANG_CXX_LIBRARY = "libc++";
				CLANG_ENABLE_MODULES = YES;
				CLANG_ENABLE_OBJC_ARC = YES;
				CLANG_WARN_BOOL_CONVERSION = YES;
				CLANG_WARN_CONSTANT_CONVERSION = YES;
				CLANG_WARN_DIRECT_OBJC_ISA_USAGE = YES_ERROR;
				CLANG_WARN_EMPTY_BODY = YES;
				CLANG_WARN_ENUM_CONVERSION = YES;
				CLANG_WARN_INT_CONVERSION = YES;
				CLANG_WARN_OBJC_ROOT_CLASS = YES_ERROR;
				CLANG_WARN_UNREACHABLE_CODE = YES;
				CLANG_WARN__DUPLICATE_METHOD_MATCH = YES;
				"CODE_SIGN_IDENTITY[sdk=iphoneos*]" = "iPhone Developer";
				COPY_PHASE_STRIP = NO;
				DEBUG_INFORMATION_FORMAT = dwarf;
				ENABLE_STRICT_OBJC_MSGSEND = YES;
				ENABLE_TESTABILITY = YES;
				GCC_C_LANGUAGE_STANDARD = gnu99;
				GCC_DYNAMIC_NO_PIC = NO;
				GCC_NO_COMMON_BLOCKS = YES;
				GCC_OPTIMIZATION_LEVEL = 0;
				GCC_PREPROCESSOR_DEFINITIONS = (
					"DEBUG=1",
					"$(inherited)",
				);
				GCC_WARN_64_TO_32_BIT_CONVERSION = YES;
				GCC_WARN_ABOUT_RETURN_TYPE = YES_ERROR;
				GCC_WARN_UNDECLARED_SELECTOR = YES;
				GCC_WARN_UNINITIALIZED_AUTOS = YES_AGGRESSIVE;
				GCC_WARN_UNUSED_FUNCTION = YES;
				GCC_WARN_UNUSED_VARIABLE = YES;
				IPHONEOS_DEPLOYMENT_TARGET = 9.3;
				MTL_ENABLE_DEBUG_INFO = YES;
				ONLY_ACTIVE_ARCH = YES;
				SDKROOT = iphoneos;
				SWIFT_OPTIMIZATION_LEVEL = "-Onone";
			};
			name = Debug;
		};
		D9CFC3991CA560210066443B /* Release */ = {
			isa = XCBuildConfiguration;
			buildSettings = {
				ALWAYS_SEARCH_USER_PATHS = NO;
				CLANG_ANALYZER_NONNULL = YES;
				CLANG_CXX_LANGUAGE_STANDARD = "gnu++0x";
				CLANG_CXX_LIBRARY = "libc++";
				CLANG_ENABLE_MODULES = YES;
				CLANG_ENABLE_OBJC_ARC = YES;
				CLANG_WARN_BOOL_CONVERSION = YES;
				CLANG_WARN_CONSTANT_CONVERSION = YES;
				CLANG_WARN_DIRECT_OBJC_ISA_USAGE = YES_ERROR;
				CLANG_WARN_EMPTY_BODY = YES;
				CLANG_WARN_ENUM_CONVERSION = YES;
				CLANG_WARN_INT_CONVERSION = YES;
				CLANG_WARN_OBJC_ROOT_CLASS = YES_ERROR;
				CLANG_WARN_UNREACHABLE_CODE = YES;
				CLANG_WARN__DUPLICATE_METHOD_MATCH = YES;
				"CODE_SIGN_IDENTITY[sdk=iphoneos*]" = "iPhone Developer";
				COPY_PHASE_STRIP = NO;
				DEBUG_INFORMATION_FORMAT = "dwarf-with-dsym";
				ENABLE_NS_ASSERTIONS = NO;
				ENABLE_STRICT_OBJC_MSGSEND = YES;
				GCC_C_LANGUAGE_STANDARD = gnu99;
				GCC_NO_COMMON_BLOCKS = YES;
				GCC_WARN_64_TO_32_BIT_CONVERSION = YES;
				GCC_WARN_ABOUT_RETURN_TYPE = YES_ERROR;
				GCC_WARN_UNDECLARED_SELECTOR = YES;
				GCC_WARN_UNINITIALIZED_AUTOS = YES_AGGRESSIVE;
				GCC_WARN_UNUSED_FUNCTION = YES;
				GCC_WARN_UNUSED_VARIABLE = YES;
				IPHONEOS_DEPLOYMENT_TARGET = 9.3;
				MTL_ENABLE_DEBUG_INFO = NO;
				SDKROOT = iphoneos;
				VALIDATE_PRODUCT = YES;
			};
			name = Release;
		};
		D9CFC39B1CA560210066443B /* Debug */ = {
			isa = XCBuildConfiguration;
			baseConfigurationReference = 8DC3BDCFC87EF20B57F9580D /* Pods.debug.xcconfig */;
			buildSettings = {
				ASSETCATALOG_COMPILER_APPICON_NAME = AppIcon;
				CLANG_ENABLE_MODULES = YES;
				INFOPLIST_FILE = TextFieldSwiftDemo/Info.plist;
				LD_RUNPATH_SEARCH_PATHS = "$(inherited) @executable_path/Frameworks";
				PRODUCT_BUNDLE_IDENTIFIER = "de.cm-works.ios.TextFieldSwiftDemo";
				PRODUCT_NAME = "$(TARGET_NAME)";
				SWIFT_OBJC_BRIDGING_HEADER = "TextFieldSwiftDemo/TextFieldSwiftDemo-Bridging-Header.h";
				SWIFT_OPTIMIZATION_LEVEL = "-Onone";
			};
			name = Debug;
		};
		D9CFC39C1CA560210066443B /* Release */ = {
			isa = XCBuildConfiguration;
			baseConfigurationReference = 96D64FD19DDC2C61A20B2019 /* Pods.release.xcconfig */;
			buildSettings = {
				ASSETCATALOG_COMPILER_APPICON_NAME = AppIcon;
				CLANG_ENABLE_MODULES = YES;
				INFOPLIST_FILE = TextFieldSwiftDemo/Info.plist;
				LD_RUNPATH_SEARCH_PATHS = "$(inherited) @executable_path/Frameworks";
				PRODUCT_BUNDLE_IDENTIFIER = "de.cm-works.ios.TextFieldSwiftDemo";
				PRODUCT_NAME = "$(TARGET_NAME)";
				SWIFT_OBJC_BRIDGING_HEADER = "TextFieldSwiftDemo/TextFieldSwiftDemo-Bridging-Header.h";
			};
			name = Release;
		};
/* End XCBuildConfiguration section */

/* Begin XCConfigurationList section */
		D9CFC3831CA560210066443B /* Build configuration list for PBXProject "TextFieldSwiftDemo" */ = {
			isa = XCConfigurationList;
			buildConfigurations = (
				D9CFC3981CA560210066443B /* Debug */,
				D9CFC3991CA560210066443B /* Release */,
			);
			defaultConfigurationIsVisible = 0;
			defaultConfigurationName = Release;
		};
		D9CFC39A1CA560210066443B /* Build configuration list for PBXNativeTarget "TextFieldSwiftDemo" */ = {
			isa = XCConfigurationList;
			buildConfigurations = (
				D9CFC39B1CA560210066443B /* Debug */,
				D9CFC39C1CA560210066443B /* Release */,
			);
			defaultConfigurationIsVisible = 0;
			defaultConfigurationName = Release;
		};
/* End XCConfigurationList section */
	};
	rootObject = D9CFC3801CA560210066443B /* Project object */;
}
